
Microsoft Visual Studio Solution File, Format Version 12.00
# Visual Studio 15
VisualStudioVersion = 15.0.28010.2019
MinimumVisualStudioVersion = 10.0.40219.1
Project("{FAE04EC0-301F-11D3-BF4B-00C04F79EFBC}") = "QuizSovellus", "QuizSovellus\QuizSovellus.csproj", "{AAB01E6D-F756-41FE-A399-208E29D081E8}"
EndProject
Project("{9A19103F-16F7-4668-BE54-9A1E7A4F7556}") = "Miniprojekti", "Miniprojekti\Miniprojekti.csproj", "{8AC2B9F2-853E-4A92-A559-A1454795A123}"
EndProject
Project("{FAE04EC0-301F-11D3-BF4B-00C04F79EFBC}") = "Viikko1_Quizproject", "Viikko1_Quizproject\Viikko1_Quizproject.csproj", "{389BEC84-9BBF-43AA-B2CC-FED168A6FCFC}"
EndProject
Global
	GlobalSection(SolutionConfigurationPlatforms) = preSolution
		Debug|Any CPU = Debug|Any CPU
		Release|Any CPU = Release|Any CPU
	EndGlobalSection
	GlobalSection(ProjectConfigurationPlatforms) = postSolution
		{AAB01E6D-F756-41FE-A399-208E29D081E8}.Debug|Any CPU.ActiveCfg = Debug|Any CPU
		{AAB01E6D-F756-41FE-A399-208E29D081E8}.Debug|Any CPU.Build.0 = Debug|Any CPU
		{AAB01E6D-F756-41FE-A399-208E29D081E8}.Release|Any CPU.ActiveCfg = Release|Any CPU
		{AAB01E6D-F756-41FE-A399-208E29D081E8}.Release|Any CPU.Build.0 = Release|Any CPU
		{8AC2B9F2-853E-4A92-A559-A1454795A123}.Debug|Any CPU.ActiveCfg = Debug|Any CPU
		{8AC2B9F2-853E-4A92-A559-A1454795A123}.Debug|Any CPU.Build.0 = Debug|Any CPU
		{8AC2B9F2-853E-4A92-A559-A1454795A123}.Release|Any CPU.ActiveCfg = Release|Any CPU
		{8AC2B9F2-853E-4A92-A559-A1454795A123}.Release|Any CPU.Build.0 = Release|Any CPU
		{389BEC84-9BBF-43AA-B2CC-FED168A6FCFC}.Debug|Any CPU.ActiveCfg = Debug|Any CPU
		{389BEC84-9BBF-43AA-B2CC-FED168A6FCFC}.Debug|Any CPU.Build.0 = Debug|Any CPU
		{389BEC84-9BBF-43AA-B2CC-FED168A6FCFC}.Release|Any CPU.ActiveCfg = Release|Any CPU
		{389BEC84-9BBF-43AA-B2CC-FED168A6FCFC}.Release|Any CPU.Build.0 = Release|Any CPU
	EndGlobalSection
	GlobalSection(SolutionProperties) = preSolution
		HideSolutionNode = FALSE
	EndGlobalSection
	GlobalSection(ExtensibilityGlobals) = postSolution
		SolutionGuid = {508CBA15-6102-4CEC-A865-5F54B6391516}
	EndGlobalSection
EndGlobal
